// !$*UTF8*$!
{
	archiveVersion = 1;
	classes = {
	};
	objectVersion = 46;
	objects = {

/* Begin PBXBuildFile section */
		8CC7DB471A99A0DD0005764E /* AppDelegate.swift in Sources */ = {isa = PBXBuildFile; fileRef = 8CC7DB461A99A0DD0005764E /* AppDelegate.swift */; };
		8CC7DB491A99A0DD0005764E /* ViewController.swift in Sources */ = {isa = PBXBuildFile; fileRef = 8CC7DB481A99A0DD0005764E /* ViewController.swift */; };
		8CC7DB4C1A99A0DD0005764E /* Main.storyboard in Resources */ = {isa = PBXBuildFile; fileRef = 8CC7DB4A1A99A0DD0005764E /* Main.storyboard */; };
		8CC7DB4E1A99A0DD0005764E /* Images.xcassets in Resources */ = {isa = PBXBuildFile; fileRef = 8CC7DB4D1A99A0DD0005764E /* Images.xcassets */; };
		8CC7DB511A99A0DD0005764E /* LaunchScreen.xib in Resources */ = {isa = PBXBuildFile; fileRef = 8CC7DB4F1A99A0DD0005764E /* LaunchScreen.xib */; };
		8CC7DB5D1A99A0DD0005764E /* HearMeNowTests.swift in Sources */ = {isa = PBXBuildFile; fileRef = 8CC7DB5C1A99A0DD0005764E /* HearMeNowTests.swift */; };
/* End PBXBuildFile section */

/* Begin PBXContainerItemProxy section */
		8CC7DB571A99A0DD0005764E /* PBXContainerItemProxy */ = {
			isa = PBXContainerItemProxy;
			containerPortal = 8CC7DB391A99A0DD0005764E /* Project object */;
			proxyType = 1;
			remoteGlobalIDString = 8CC7DB401A99A0DD0005764E;
			remoteInfo = HearMeNow;
		};
/* End PBXContainerItemProxy section */

/* Begin PBXFileReference section */
		8CC7DB411A99A0DD0005764E /* HearMeNow.app */ = {isa = PBXFileReference; explicitFileType = wrapper.application; includeInIndex = 0; path = HearMeNow.app; sourceTree = BUILT_PRODUCTS_DIR; };
		8CC7DB451A99A0DD0005764E /* Info.plist */ = {isa = PBXFileReference; lastKnownFileType = text.plist.xml; path = Info.plist; sourceTree = "<group>"; };
		8CC7DB461A99A0DD0005764E /* AppDelegate.swift */ = {isa = PBXFileReference; lastKnownFileType = sourcecode.swift; path = AppDelegate.swift; sourceTree = "<group>"; };
		8CC7DB481A99A0DD0005764E /* ViewController.swift */ = {isa = PBXFileReference; lastKnownFileType = sourcecode.swift; path = ViewController.swift; sourceTree = "<group>"; };
		8CC7DB4B1A99A0DD0005764E /* Base */ = {isa = PBXFileReference; lastKnownFileType = file.storyboard; name = Base; path = Base.lproj/Main.storyboard; sourceTree = "<group>"; };
		8CC7DB4D1A99A0DD0005764E /* Images.xcassets */ = {isa = PBXFileReference; lastKnownFileType = folder.assetcatalog; path = Images.xcassets; sourceTree = "<group>"; };
		8CC7DB501A99A0DD0005764E /* Base */ = {isa = PBXFileReference; lastKnownFileType = file.xib; name = Base; path = Base.lproj/LaunchScreen.xib; sourceTree = "<group>"; };
		8CC7DB561A99A0DD0005764E /* HearMeNowTests.xctest */ = {isa = PBXFileReference; explicitFileType = wrapper.cfbundle; includeInIndex = 0; path = HearMeNowTests.xctest; sourceTree = BUILT_PRODUCTS_DIR; };
		8CC7DB5B1A99A0DD0005764E /* Info.plist */ = {isa = PBXFileReference; lastKnownFileType = text.plist.xml; path = Info.plist; sourceTree = "<group>"; };
		8CC7DB5C1A99A0DD0005764E /* HearMeNowTests.swift */ = {isa = PBXFileReference; lastKnownFileType = sourcecode.swift; path = HearMeNowTests.swift; sourceTree = "<group>"; };
/* End PBXFileReference section */

/* Begin PBXFrameworksBuildPhase section */
		8CC7DB3E1A99A0DD0005764E /* Frameworks */ = {
			isa = PBXFrameworksBuildPhase;
			buildActionMask = 2147483647;
			files = (
			);
			runOnlyForDeploymentPostprocessing = 0;
		};
		8CC7DB531A99A0DD0005764E /* Frameworks */ = {
			isa = PBXFrameworksBuildPhase;
			buildActionMask = 2147483647;
			files = (
			);
			runOnlyForDeploymentPostprocessing = 0;
		};
/* End PBXFrameworksBuildPhase section */

/* Begin PBXGroup section */
		8CC7DB381A99A0DD0005764E = {
			isa = PBXGroup;
			children = (
				8CC7DB431A99A0DD0005764E /* HearMeNow */,
				8CC7DB591A99A0DD0005764E /* HearMeNowTests */,
				8CC7DB421A99A0DD0005764E /* Products */,
			);
			sourceTree = "<group>";
		};
		8CC7DB421A99A0DD0005764E /* Products */ = {
			isa = PBXGroup;
			children = (
				8CC7DB411A99A0DD0005764E /* HearMeNow.app */,
				8CC7DB561A99A0DD0005764E /* HearMeNowTests.xctest */,
			);
			name = Products;
			sourceTree = "<group>";
		};
		8CC7DB431A99A0DD0005764E /* HearMeNow */ = {
			isa = PBXGroup;
			children = (
				8CC7DB461A99A0DD0005764E /* AppDelegate.swift */,
				8CC7DB481A99A0DD0005764E /* ViewController.swift */,
				8CC7DB4A1A99A0DD0005764E /* Main.storyboard */,
				8CC7DB4D1A99A0DD0005764E /* Images.xcassets */,
				8CC7DB4F1A99A0DD0005764E /* LaunchScreen.xib */,
				8CC7DB441A99A0DD0005764E /* Supporting Files */,
			);
			path = HearMeNow;
			sourceTree = "<group>";
		};
		8CC7DB441A99A0DD0005764E /* Supporting Files */ = {
			isa = PBXGroup;
			children = (
				8CC7DB451A99A0DD0005764E /* Info.plist */,
			);
			name = "Supporting Files";
			sourceTree = "<group>";
		};
		8CC7DB591A99A0DD0005764E /* HearMeNowTests */ = {
			isa = PBXGroup;
			children = (
				8CC7DB5C1A99A0DD0005764E /* HearMeNowTests.swift */,
				8CC7DB5A1A99A0DD0005764E /* Supporting Files */,
			);
			path = HearMeNowTests;
			sourceTree = "<group>";
		};
		8CC7DB5A1A99A0DD0005764E /* Supporting Files */ = {
			isa = PBXGroup;
			children = (
				8CC7DB5B1A99A0DD0005764E /* Info.plist */,
			);
			name = "Supporting Files";
			sourceTree = "<group>";
		};
/* End PBXGroup section */

/* Begin PBXNativeTarget section */
		8CC7DB401A99A0DD0005764E /* HearMeNow */ = {
			isa = PBXNativeTarget;
			buildConfigurationList = 8CC7DB601A99A0DD0005764E /* Build configuration list for PBXNativeTarget "HearMeNow" */;
			buildPhases = (
				8CC7DB3D1A99A0DD0005764E /* Sources */,
				8CC7DB3E1A99A0DD0005764E /* Frameworks */,
				8CC7DB3F1A99A0DD0005764E /* Resources */,
			);
			buildRules = (
			);
			dependencies = (
			);
			name = HearMeNow;
			productName = HearMeNow;
			productReference = 8CC7DB411A99A0DD0005764E /* HearMeNow.app */;
			productType = "com.apple.product-type.application";
		};
		8CC7DB551A99A0DD0005764E /* HearMeNowTests */ = {
			isa = PBXNativeTarget;
			buildConfigurationList = 8CC7DB631A99A0DD0005764E /* Build configuration list for PBXNativeTarget "HearMeNowTests" */;
			buildPhases = (
				8CC7DB521A99A0DD0005764E /* Sources */,
				8CC7DB531A99A0DD0005764E /* Frameworks */,
				8CC7DB541A99A0DD0005764E /* Resources */,
			);
			buildRules = (
			);
			dependencies = (
				8CC7DB581A99A0DD0005764E /* PBXTargetDependency */,
			);
			name = HearMeNowTests;
			productName = HearMeNowTests;
			productReference = 8CC7DB561A99A0DD0005764E /* HearMeNowTests.xctest */;
			productType = "com.apple.product-type.bundle.unit-test";
		};
/* End PBXNativeTarget section */

/* Begin PBXProject section */
		8CC7DB391A99A0DD0005764E /* Project object */ = {
			isa = PBXProject;
			attributes = {
				LastUpgradeCheck = 0630;
				ORGANIZATIONNAME = "Lawrence Martin";
				TargetAttributes = {
					8CC7DB401A99A0DD0005764E = {
						CreatedOnToolsVersion = 6.3;
					};
					8CC7DB551A99A0DD0005764E = {
						CreatedOnToolsVersion = 6.3;
						TestTargetID = 8CC7DB401A99A0DD0005764E;
					};
				};
			};
			buildConfigurationList = 8CC7DB3C1A99A0DD0005764E /* Build configuration list for PBXProject "HearMeNow" */;
			compatibilityVersion = "Xcode 3.2";
			developmentRegion = English;
			hasScannedForEncodings = 0;
			knownRegions = (
				en,
				Base,
			);
			mainGroup = 8CC7DB381A99A0DD0005764E;
			productRefGroup = 8CC7DB421A99A0DD0005764E /* Products */;
			projectDirPath = "";
			projectRoot = "";
			targets = (
				8CC7DB401A99A0DD0005764E /* HearMeNow */,
				8CC7DB551A99A0DD0005764E /* HearMeNowTests */,
			);
		};
/* End PBXProject section */

/* Begin PBXResourcesBuildPhase section */
		8CC7DB3F1A99A0DD0005764E /* Resources */ = {
			isa = PBXResourcesBuildPhase;
			buildActionMask = 2147483647;
			files = (
				8CC7DB4C1A99A0DD0005764E /* Main.storyboard in Resources */,
				8CC7DB511A99A0DD0005764E /* LaunchScreen.xib in Resources */,
				8CC7DB4E1A99A0DD0005764E /* Images.xcassets in Resources */,
			);
			runOnlyForDeploymentPostprocessing = 0;
		};
		8CC7DB541A99A0DD0005764E /* Resources */ = {
			isa = PBXResourcesBuildPhase;
			buildActionMask = 2147483647;
			files = (
			);
			runOnlyForDeploymentPostprocessing = 0;
		};
/* End PBXResourcesBuildPhase section */

/* Begin PBXSourcesBuildPhase section */
		8CC7DB3D1A99A0DD0005764E /* Sources */ = {
			isa = PBXSourcesBuildPhase;
			buildActionMask = 2147483647;
			files = (
				8CC7DB491A99A0DD0005764E /* ViewController.swift in Sources */,
				8CC7DB471A99A0DD0005764E /* AppDelegate.swift in Sources */,
			);
			runOnlyForDeploymentPostprocessing = 0;
		};
		8CC7DB521A99A0DD0005764E /* Sources */ = {
			isa = PBXSourcesBuildPhase;
			buildActionMask = 2147483647;
			files = (
				8CC7DB5D1A99A0DD0005764E /* HearMeNowTests.swift in Sources */,
			);
			runOnlyForDeploymentPostprocessing = 0;
		};
/* End PBXSourcesBuildPhase section */

/* Begin PBXTargetDependency section */
		8CC7DB581A99A0DD0005764E /* PBXTargetDependency */ = {
			isa = PBXTargetDependency;
			target = 8CC7DB401A99A0DD0005764E /* HearMeNow */;
			targetProxy = 8CC7DB571A99A0DD0005764E /* PBXContainerItemProxy */;
		};
/* End PBXTargetDependency section */

/* Begin PBXVariantGroup section */
		8CC7DB4A1A99A0DD0005764E /* Main.storyboard */ = {
			isa = PBXVariantGroup;
			children = (
				8CC7DB4B1A99A0DD0005764E /* Base */,
			);
			name = Main.storyboard;
			sourceTree = "<group>";
		};
		8CC7DB4F1A99A0DD0005764E /* LaunchScreen.xib */ = {
			isa = PBXVariantGroup;
			children = (
				8CC7DB501A99A0DD0005764E /* Base */,
			);
			name = LaunchScreen.xib;
			sourceTree = "<group>";
		};
/* End PBXVariantGroup section */

/* Begin XCBuildConfiguration section */
		8CC7DB5E1A99A0DD0005764E /* Debug */ = {
			isa = XCBuildConfiguration;
			buildSettings = {
				ALWAYS_SEARCH_USER_PATHS = NO;
				CLANG_CXX_LANGUAGE_STANDARD = "gnu++0x";
				CLANG_CXX_LIBRARY = "libc++";
				CLANG_ENABLE_MODULES = YES;
				CLANG_ENABLE_OBJC_ARC = YES;
				CLANG_WARN_BOOL_CONVERSION = YES;
				CLANG_WARN_CONSTANT_CONVERSION = YES;
				CLANG_WARN_DIRECT_OBJC_ISA_USAGE = YES_ERROR;
				CLANG_WARN_EMPTY_BODY = YES;
				CLANG_WARN_ENUM_CONVERSION = YES;
				CLANG_WARN_INT_CONVERSION = YES;
				CLANG_WARN_OBJC_ROOT_CLASS = YES_ERROR;
				CLANG_WARN_UNREACHABLE_CODE = YES;
				CLANG_WARN__DUPLICATE_METHOD_MATCH = YES;
				"CODE_SIGN_IDENTITY[sdk=iphoneos*]" = "iPhone Developer";
				COPY_PHASE_STRIP = NO;
				DEBUG_INFORMATION_FORMAT = dwarf;
				ENABLE_STRICT_OBJC_MSGSEND = YES;
				GCC_C_LANGUAGE_STANDARD = gnu99;
				GCC_DYNAMIC_NO_PIC = NO;
				GCC_OPTIMIZATION_LEVEL = 0;
				GCC_PREPROCESSOR_DEFINITIONS = (
					"DEBUG=1",
					"$(inherited)",
				);
				GCC_SYMBOLS_PRIVATE_EXTERN = NO;
				GCC_WARN_64_TO_32_BIT_CONVERSION = YES;
				GCC_WARN_ABOUT_RETURN_TYPE = YES_ERROR;
				GCC_WARN_UNDECLARED_SELECTOR = YES;
				GCC_WARN_UNINITIALIZED_AUTOS = YES_AGGRESSIVE;
				GCC_WARN_UNUSED_FUNCTION = YES;
				GCC_WARN_UNUSED_VARIABLE = YES;
				IPHONEOS_DEPLOYMENT_TARGET = 8.3;
				MTL_ENABLE_DEBUG_INFO = YES;
				ONLY_ACTIVE_ARCH = YES;
				SDKROOT = iphoneos;
				SWIFT_OPTIMIZATION_LEVEL = "-Onone";
			};
			name = Debug;
		};
		8CC7DB5F1A99A0DD0005764E /* Release */ = {
			isa = XCBuildConfiguration;
			buildSettings = {
				ALWAYS_SEARCH_USER_PATHS = NO;
				CLANG_CXX_LANGUAGE_STANDARD = "gnu++0x";
				CLANG_CXX_LIBRARY = "libc++";
				CLANG_ENABLE_MODULES = YES;
				CLANG_ENABLE_OBJC_ARC = YES;
				CLANG_WARN_BOOL_CONVERSION = YES;
				CLANG_WARN_CONSTANT_CONVERSION = YES;
				CLANG_WARN_DIRECT_OBJC_ISA_USAGE = YES_ERROR;
				CLANG_WARN_EMPTY_BODY = YES;
				CLANG_WARN_ENUM_CONVERSION = YES;
				CLANG_WARN_INT_CONVERSION = YES;
				CLANG_WARN_OBJC_ROOT_CLASS = YES_ERROR;
				CLANG_WARN_UNREACHABLE_CODE = YES;
				CLANG_WARN__DUPLICATE_METHOD_MATCH = YES;
				"CODE_SIGN_IDENTITY[sdk=iphoneos*]" = "iPhone Developer";
				COPY_PHASE_STRIP = NO;
				DEBUG_INFORMATION_FORMAT = "dwarf-with-dsym";
				ENABLE_NS_ASSERTIONS = NO;
				ENABLE_STRICT_OBJC_MSGSEND = YES;
				GCC_C_LANGUAGE_STANDARD = gnu99;
				GCC_WARN_64_TO_32_BIT_CONVERSION = YES;
				GCC_WARN_ABOUT_RETURN_TYPE = YES_ERROR;
				GCC_WARN_UNDECLARED_SELECTOR = YES;
				GCC_WARN_UNINITIALIZED_AUTOS = YES_AGGRESSIVE;
				GCC_WARN_UNUSED_FUNCTION = YES;
				GCC_WARN_UNUSED_VARIABLE = YES;
				IPHONEOS_DEPLOYMENT_TARGET = 8.3;
				MTL_ENABLE_DEBUG_INFO = NO;
				SDKROOT = iphoneos;
				VALIDATE_PRODUCT = YES;
			};
			name = Release;
		};
		8CC7DB611A99A0DD0005764E /* Debug */ = {
			isa = XCBuildConfiguration;
			buildSettings = {
				ASSETCATALOG_COMPILER_APPICON_NAME = AppIcon;
				INFOPLIST_FILE = HearMeNow/Info.plist;
				LD_RUNPATH_SEARCH_PATHS = "$(inherited) @executable_path/Frameworks";
				PRODUCT_NAME = "$(TARGET_NAME)";
			};
			name = Debug;
		};
		8CC7DB621A99A0DD0005764E /* Release */ = {
			isa = XCBuildConfiguration;
			buildSettings = {
				ASSETCATALOG_COMPILER_APPICON_NAME = AppIcon;
				INFOPLIST_FILE = HearMeNow/Info.plist;
				LD_RUNPATH_SEARCH_PATHS = "$(inherited) @executable_path/Frameworks";
				PRODUCT_NAME = "$(TARGET_NAME)";
			};
			name = Release;
		};
		8CC7DB641A99A0DD0005764E /* Debug */ = {
			isa = XCBuildConfiguration;
			buildSettings = {
				BUNDLE_LOADER = "$(TEST_HOST)";
				FRAMEWORK_SEARCH_PATHS = (
					"$(SDKROOT)/Developer/Library/Frameworks",
					"$(inherited)",
				);
				GCC_PREPROCESSOR_DEFINITIONS = (
					"DEBUG=1",
					"$(inherited)",
				);
				INFOPLIST_FILE = HearMeNowTests/Info.plist;
				LD_RUNPATH_SEARCH_PATHS = "$(inherited) @executable_path/Frameworks @loader_path/Frameworks";
				PRODUCT_NAME = "$(TARGET_NAME)";
				TEST_HOST = "$(BUILT_PRODUCTS_DIR)/HearMeNow.app/HearMeNow";
			};
			name = Debug;
		};
		8CC7DB651A99A0DD0005764E /* Release */ = {
			isa = XCBuildConfiguration;
			buildSettings = {
				BUNDLE_LOADER = "$(TEST_HOST)";
				FRAMEWORK_SEARCH_PATHS = (
					"$(SDKROOT)/Developer/Library/Frameworks",
					"$(inherited)",
				);
				INFOPLIST_FILE = HearMeNowTests/Info.plist;
				LD_RUNPATH_SEARCH_PATHS = "$(inherited) @executable_path/Frameworks @loader_path/Frameworks";
				PRODUCT_NAME = "$(TARGET_NAME)";
				TEST_HOST = "$(BUILT_PRODUCTS_DIR)/HearMeNow.app/HearMeNow";
			};
			name = Release;
		};
/* End XCBuildConfiguration section */

/* Begin XCConfigurationList section */
		8CC7DB3C1A99A0DD0005764E /* Build configuration list for PBXProject "HearMeNow" */ = {
			isa = XCConfigurationList;
			buildConfigurations = (
				8CC7DB5E1A99A0DD0005764E /* Debug */,
				8CC7DB5F1A99A0DD0005764E /* Release */,
			);
			defaultConfigurationIsVisible = 0;
			defaultConfigurationName = Release;
		};
		8CC7DB601A99A0DD0005764E /* Build configuration list for PBXNativeTarget "HearMeNow" */ = {
			isa = XCConfigurationList;
			buildConfigurations = (
				8CC7DB611A99A0DD0005764E /* Debug */,
				8CC7DB621A99A0DD0005764E /* Release */,
			);
			defaultConfigurationIsVisible = 0;
		};
		8CC7DB631A99A0DD0005764E /* Build configuration list for PBXNativeTarget "HearMeNowTests" */ = {
			isa = XCConfigurationList;
			buildConfigurations = (
				8CC7DB641A99A0DD0005764E /* Debug */,
				8CC7DB651A99A0DD0005764E /* Release */,
			);
			defaultConfigurationIsVisible = 0;
		};
/* End XCConfigurationList section */
	};
	rootObject = 8CC7DB391A99A0DD0005764E /* Project object */;
}
